
Microsoft Visual Studio Solution File, Format Version 12.00
# Visual Studio Version 17
VisualStudioVersion = 17.5.002.0
MinimumVisualStudioVersion = 10.0.40219.1
Project("{9A19103F-16F7-4668-BE54-9A1E7A4F7556}") = "StarMediaGroupTest", "StarMediaGroupTest.csproj", "{AC04649E-FA13-496E-B2C3-377691C88D6A}"
EndProject
Global
	GlobalSection(SolutionConfigurationPlatforms) = preSolution
		Debug|Any CPU = Debug|Any CPU
		Release|Any CPU = Release|Any CPU
	EndGlobalSection
	GlobalSection(ProjectConfigurationPlatforms) = postSolution
		{AC04649E-FA13-496E-B2C3-377691C88D6A}.Debug|Any CPU.ActiveCfg = Debug|Any CPU
		{AC04649E-FA13-496E-B2C3-377691C88D6A}.Debug|Any CPU.Build.0 = Debug|Any CPU
		{AC04649E-FA13-496E-B2C3-377691C88D6A}.Release|Any CPU.ActiveCfg = Release|Any CPU
		{AC04649E-FA13-496E-B2C3-377691C88D6A}.Release|Any CPU.Build.0 = Release|Any CPU
	EndGlobalSection
	GlobalSection(SolutionProperties) = preSolution
		HideSolutionNode = FALSE
	EndGlobalSection
	GlobalSection(ExtensibilityGlobals) = postSolution
		SolutionGuid = {EFD4BC0B-07AC-441C-9B64-0C5527768692}
	EndGlobalSection
EndGlobal
